// !$*UTF8*$!
{
	archiveVersion = 1;
	classes = {
	};
	objectVersion = 56;
	objects = {

/* Begin PBXBuildFile section */
		38070FF22BE961B300352E0D /* CloseEmailSentSheetToolBar.swift in Sources */ = {isa = PBXBuildFile; fileRef = 38070FF12BE961B300352E0D /* CloseEmailSentSheetToolBar.swift */; };
		38070FF42BE9631300352E0D /* AuthErrorAlertIOS.swift in Sources */ = {isa = PBXBuildFile; fileRef = 38070FF32BE9631300352E0D /* AuthErrorAlertIOS.swift */; };
		38070FFA2BEA530C00352E0D /* PaymentSheetModel.swift in Sources */ = {isa = PBXBuildFile; fileRef = 38070FF92BEA530C00352E0D /* PaymentSheetModel.swift */; };
		38070FFF2BEAB6AA00352E0D /* PaymentError.swift in Sources */ = {isa = PBXBuildFile; fileRef = 38070FFE2BEAB6AA00352E0D /* PaymentError.swift */; };
		380710022BEAB95300352E0D /* PaymentButton.swift in Sources */ = {isa = PBXBuildFile; fileRef = 380710012BEAB95300352E0D /* PaymentButton.swift */; };
		380710052BEAB9E000352E0D /* SignOutToolbar.swift in Sources */ = {isa = PBXBuildFile; fileRef = 380710042BEAB9E000352E0D /* SignOutToolbar.swift */; };
		380710072BEABA9200352E0D /* GenericTitle.swift in Sources */ = {isa = PBXBuildFile; fileRef = 380710062BEABA9200352E0D /* GenericTitle.swift */; };
		380710092BEABFA700352E0D /* PlanPaymentScreen.swift in Sources */ = {isa = PBXBuildFile; fileRef = 380710082BEABFA700352E0D /* PlanPaymentScreen.swift */; };
		3818FC0D2BE94ACA00543D08 /* AuthScreenModel.swift in Sources */ = {isa = PBXBuildFile; fileRef = 3818FC0C2BE94ACA00543D08 /* AuthScreenModel.swift */; };
		3818FC1C2BE94EA800543D08 /* EmailResentAlert.swift in Sources */ = {isa = PBXBuildFile; fileRef = 3818FC1B2BE94EA800543D08 /* EmailResentAlert.swift */; };
		3818FC1E2BE94F2F00543D08 /* EmailSentSheet.swift in Sources */ = {isa = PBXBuildFile; fileRef = 3818FC1D2BE94F2F00543D08 /* EmailSentSheet.swift */; };
		3818FC212BE952C500543D08 /* Authentication.swift in Sources */ = {isa = PBXBuildFile; fileRef = 3818FC202BE952C500543D08 /* Authentication.swift */; };
		3818FC232BE957A100543D08 /* ExitAppToolBar.swift in Sources */ = {isa = PBXBuildFile; fileRef = 3818FC222BE957A100543D08 /* ExitAppToolBar.swift */; };
		38201DFA2BF1E9EB003AE77C /* PlanItem.swift in Sources */ = {isa = PBXBuildFile; fileRef = 38201DF92BF1E9EB003AE77C /* PlanItem.swift */; };
		38201DFC2BF1EA14003AE77C /* Profile.swift in Sources */ = {isa = PBXBuildFile; fileRef = 38201DFB2BF1EA14003AE77C /* Profile.swift */; };
		38201DFE2BF1EA99003AE77C /* AvatarImage.swift in Sources */ = {isa = PBXBuildFile; fileRef = 38201DFD2BF1EA99003AE77C /* AvatarImage.swift */; };
		38201E002BF1EAB8003AE77C /* TransferError.swift in Sources */ = {isa = PBXBuildFile; fileRef = 38201DFF2BF1EAB8003AE77C /* TransferError.swift */; };
		38201E022BF1EAD7003AE77C /* AvatarImageExtension.swift in Sources */ = {isa = PBXBuildFile; fileRef = 38201E012BF1EAD7003AE77C /* AvatarImageExtension.swift */; };
		38201E042BF1ECDC003AE77C /* Color.swift in Sources */ = {isa = PBXBuildFile; fileRef = 38201E032BF1ECDC003AE77C /* Color.swift */; };
		38209EAE2BF203F400A8B4AE /* AutoConfigure.swift in Sources */ = {isa = PBXBuildFile; fileRef = 38209EAD2BF203F400A8B4AE /* AutoConfigure.swift */; };
		38209EB02BF204F200A8B4AE /* Urls.swift in Sources */ = {isa = PBXBuildFile; fileRef = 38209EAF2BF204F200A8B4AE /* Urls.swift */; };
		389B17F02BE5652B006D8BEB /* Supabase in Frameworks */ = {isa = PBXBuildFile; productRef = 389B17EF2BE5652B006D8BEB /* Supabase */; };
		389B17F22BE56547006D8BEB /* Supabase.swift in Sources */ = {isa = PBXBuildFile; fileRef = 389B17F12BE56547006D8BEB /* Supabase.swift */; };
		389B17F42BE565FD006D8BEB /* AuthScreen.swift in Sources */ = {isa = PBXBuildFile; fileRef = 389B17F32BE565FD006D8BEB /* AuthScreen.swift */; };
		389B17F72BE56747006D8BEB /* ProfileView.swift in Sources */ = {isa = PBXBuildFile; fileRef = 389B17F62BE56747006D8BEB /* ProfileView.swift */; };
		389B17FB2BE567AA006D8BEB /* AppView.swift in Sources */ = {isa = PBXBuildFile; fileRef = 389B17FA2BE567AA006D8BEB /* AppView.swift */; };
		389B17FF2BE576BE006D8BEB /* StripePaymentSheet in Frameworks */ = {isa = PBXBuildFile; productRef = 389B17FE2BE576BE006D8BEB /* StripePaymentSheet */; };
		38DB8AFF2BD77C550091008B /* AutomaApp.swift in Sources */ = {isa = PBXBuildFile; fileRef = 38DB8AFE2BD77C550091008B /* AutomaApp.swift */; };
		38DB8B032BD77C580091008B /* Assets.xcassets in Resources */ = {isa = PBXBuildFile; fileRef = 38DB8B022BD77C580091008B /* Assets.xcassets */; };
		38DB8B062BD77C580091008B /* Preview Assets.xcassets in Resources */ = {isa = PBXBuildFile; fileRef = 38DB8B052BD77C580091008B /* Preview Assets.xcassets */; };
		38DB8B102BD77C590091008B /* AutomaTests.swift in Sources */ = {isa = PBXBuildFile; fileRef = 38DB8B0F2BD77C590091008B /* AutomaTests.swift */; };
		38DB8B1A2BD77C590091008B /* AutomaUITests.swift in Sources */ = {isa = PBXBuildFile; fileRef = 38DB8B192BD77C590091008B /* AutomaUITests.swift */; };
		38DB8B1C2BD77C590091008B /* AutomaUITestsLaunchTests.swift in Sources */ = {isa = PBXBuildFile; fileRef = 38DB8B1B2BD77C590091008B /* AutomaUITestsLaunchTests.swift */; };
		38E2F8952BE8E95700D4EE51 /* Black.ttf in Resources */ = {isa = PBXBuildFile; fileRef = 38E2F88C2BE8E95600D4EE51 /* Black.ttf */; };
		38E2F8962BE8E95700D4EE51 /* Bold.ttf in Resources */ = {isa = PBXBuildFile; fileRef = 38E2F88D2BE8E95600D4EE51 /* Bold.ttf */; };
		38E2F8972BE8E95700D4EE51 /* Medium.ttf in Resources */ = {isa = PBXBuildFile; fileRef = 38E2F88E2BE8E95600D4EE51 /* Medium.ttf */; };
		38E2F8982BE8E95700D4EE51 /* ExtraLight.ttf in Resources */ = {isa = PBXBuildFile; fileRef = 38E2F88F2BE8E95600D4EE51 /* ExtraLight.ttf */; };
		38E2F8992BE8E95700D4EE51 /* ExtraBold.ttf in Resources */ = {isa = PBXBuildFile; fileRef = 38E2F8902BE8E95700D4EE51 /* ExtraBold.ttf */; };
		38E2F89A2BE8E95700D4EE51 /* Light.ttf in Resources */ = {isa = PBXBuildFile; fileRef = 38E2F8912BE8E95700D4EE51 /* Light.ttf */; };
		38E2F89B2BE8E95700D4EE51 /* Regular.ttf in Resources */ = {isa = PBXBuildFile; fileRef = 38E2F8922BE8E95700D4EE51 /* Regular.ttf */; };
		38E2F89C2BE8E95700D4EE51 /* SemiBold.ttf in Resources */ = {isa = PBXBuildFile; fileRef = 38E2F8932BE8E95700D4EE51 /* SemiBold.ttf */; };
		38E2F89D2BE8E95700D4EE51 /* Thin.ttf in Resources */ = {isa = PBXBuildFile; fileRef = 38E2F8942BE8E95700D4EE51 /* Thin.ttf */; };
		38E2F8A02BE9064100D4EE51 /* AlertToast in Frameworks */ = {isa = PBXBuildFile; productRef = 38E2F89F2BE9064100D4EE51 /* AlertToast */; };
/* End PBXBuildFile section */

/* Begin PBXContainerItemProxy section */
		38DB8B0C2BD77C590091008B /* PBXContainerItemProxy */ = {
			isa = PBXContainerItemProxy;
			containerPortal = 38DB8AF32BD77C550091008B /* Project object */;
			proxyType = 1;
			remoteGlobalIDString = 38DB8AFA2BD77C550091008B;
			remoteInfo = Automa;
		};
		38DB8B162BD77C590091008B /* PBXContainerItemProxy */ = {
			isa = PBXContainerItemProxy;
			containerPortal = 38DB8AF32BD77C550091008B /* Project object */;
			proxyType = 1;
			remoteGlobalIDString = 38DB8AFA2BD77C550091008B;
			remoteInfo = Automa;
		};
/* End PBXContainerItemProxy section */

/* Begin PBXFileReference section */
		38070FF12BE961B300352E0D /* CloseEmailSentSheetToolBar.swift */ = {isa = PBXFileReference; lastKnownFileType = sourcecode.swift; path = CloseEmailSentSheetToolBar.swift; sourceTree = "<group>"; };
		38070FF32BE9631300352E0D /* AuthErrorAlertIOS.swift */ = {isa = PBXFileReference; lastKnownFileType = sourcecode.swift; path = AuthErrorAlertIOS.swift; sourceTree = "<group>"; };
		38070FF92BEA530C00352E0D /* PaymentSheetModel.swift */ = {isa = PBXFileReference; lastKnownFileType = sourcecode.swift; path = PaymentSheetModel.swift; sourceTree = "<group>"; };
		38070FFE2BEAB6AA00352E0D /* PaymentError.swift */ = {isa = PBXFileReference; lastKnownFileType = sourcecode.swift; name = PaymentError.swift; path = ../../../../../../../../../Applications/PaymentError.swift; sourceTree = "<group>"; };
		380710012BEAB95300352E0D /* PaymentButton.swift */ = {isa = PBXFileReference; lastKnownFileType = sourcecode.swift; path = PaymentButton.swift; sourceTree = "<group>"; };
		380710042BEAB9E000352E0D /* SignOutToolbar.swift */ = {isa = PBXFileReference; lastKnownFileType = sourcecode.swift; path = SignOutToolbar.swift; sourceTree = "<group>"; };
		380710062BEABA9200352E0D /* GenericTitle.swift */ = {isa = PBXFileReference; lastKnownFileType = sourcecode.swift; path = GenericTitle.swift; sourceTree = "<group>"; };
		380710082BEABFA700352E0D /* PlanPaymentScreen.swift */ = {isa = PBXFileReference; lastKnownFileType = sourcecode.swift; path = PlanPaymentScreen.swift; sourceTree = "<group>"; };
		3818FC0C2BE94ACA00543D08 /* AuthScreenModel.swift */ = {isa = PBXFileReference; lastKnownFileType = sourcecode.swift; path = AuthScreenModel.swift; sourceTree = "<group>"; };
		3818FC1B2BE94EA800543D08 /* EmailResentAlert.swift */ = {isa = PBXFileReference; lastKnownFileType = sourcecode.swift; path = EmailResentAlert.swift; sourceTree = "<group>"; };
		3818FC1D2BE94F2F00543D08 /* EmailSentSheet.swift */ = {isa = PBXFileReference; lastKnownFileType = sourcecode.swift; path = EmailSentSheet.swift; sourceTree = "<group>"; };
		3818FC202BE952C500543D08 /* Authentication.swift */ = {isa = PBXFileReference; lastKnownFileType = sourcecode.swift; path = Authentication.swift; sourceTree = "<group>"; };
		3818FC222BE957A100543D08 /* ExitAppToolBar.swift */ = {isa = PBXFileReference; lastKnownFileType = sourcecode.swift; path = ExitAppToolBar.swift; sourceTree = "<group>"; };
		38201DF92BF1E9EB003AE77C /* PlanItem.swift */ = {isa = PBXFileReference; lastKnownFileType = sourcecode.swift; path = PlanItem.swift; sourceTree = "<group>"; };
		38201DFB2BF1EA14003AE77C /* Profile.swift */ = {isa = PBXFileReference; lastKnownFileType = sourcecode.swift; path = Profile.swift; sourceTree = "<group>"; };
		38201DFD2BF1EA99003AE77C /* AvatarImage.swift */ = {isa = PBXFileReference; lastKnownFileType = sourcecode.swift; path = AvatarImage.swift; sourceTree = "<group>"; };
		38201DFF2BF1EAB8003AE77C /* TransferError.swift */ = {isa = PBXFileReference; lastKnownFileType = sourcecode.swift; path = TransferError.swift; sourceTree = "<group>"; };
		38201E012BF1EAD7003AE77C /* AvatarImageExtension.swift */ = {isa = PBXFileReference; lastKnownFileType = sourcecode.swift; path = AvatarImageExtension.swift; sourceTree = "<group>"; };
		38201E032BF1ECDC003AE77C /* Color.swift */ = {isa = PBXFileReference; lastKnownFileType = sourcecode.swift; path = Color.swift; sourceTree = "<group>"; };
		38209EAD2BF203F400A8B4AE /* AutoConfigure.swift */ = {isa = PBXFileReference; lastKnownFileType = sourcecode.swift; path = AutoConfigure.swift; sourceTree = "<group>"; };
		38209EAF2BF204F200A8B4AE /* Urls.swift */ = {isa = PBXFileReference; lastKnownFileType = sourcecode.swift; path = Urls.swift; sourceTree = "<group>"; };
		389B17F12BE56547006D8BEB /* Supabase.swift */ = {isa = PBXFileReference; lastKnownFileType = sourcecode.swift; path = Supabase.swift; sourceTree = "<group>"; };
		389B17F32BE565FD006D8BEB /* AuthScreen.swift */ = {isa = PBXFileReference; lastKnownFileType = sourcecode.swift; path = AuthScreen.swift; sourceTree = "<group>"; };
		389B17F52BE5668D006D8BEB /* Info.plist */ = {isa = PBXFileReference; lastKnownFileType = text.plist; path = Info.plist; sourceTree = "<group>"; };
		389B17F62BE56747006D8BEB /* ProfileView.swift */ = {isa = PBXFileReference; lastKnownFileType = sourcecode.swift; path = ProfileView.swift; sourceTree = "<group>"; };
		389B17FA2BE567AA006D8BEB /* AppView.swift */ = {isa = PBXFileReference; lastKnownFileType = sourcecode.swift; path = AppView.swift; sourceTree = "<group>"; };
		38DB8AFB2BD77C550091008B /* Automa.app */ = {isa = PBXFileReference; explicitFileType = wrapper.application; includeInIndex = 0; path = Automa.app; sourceTree = BUILT_PRODUCTS_DIR; };
		38DB8AFE2BD77C550091008B /* AutomaApp.swift */ = {isa = PBXFileReference; lastKnownFileType = sourcecode.swift; path = AutomaApp.swift; sourceTree = "<group>"; };
		38DB8B022BD77C580091008B /* Assets.xcassets */ = {isa = PBXFileReference; lastKnownFileType = folder.assetcatalog; path = Assets.xcassets; sourceTree = "<group>"; };
		38DB8B052BD77C580091008B /* Preview Assets.xcassets */ = {isa = PBXFileReference; lastKnownFileType = folder.assetcatalog; path = "Preview Assets.xcassets"; sourceTree = "<group>"; };
		38DB8B0B2BD77C590091008B /* AutomaTests.xctest */ = {isa = PBXFileReference; explicitFileType = wrapper.cfbundle; includeInIndex = 0; path = AutomaTests.xctest; sourceTree = BUILT_PRODUCTS_DIR; };
		38DB8B0F2BD77C590091008B /* AutomaTests.swift */ = {isa = PBXFileReference; lastKnownFileType = sourcecode.swift; path = AutomaTests.swift; sourceTree = "<group>"; };
		38DB8B152BD77C590091008B /* AutomaUITests.xctest */ = {isa = PBXFileReference; explicitFileType = wrapper.cfbundle; includeInIndex = 0; path = AutomaUITests.xctest; sourceTree = BUILT_PRODUCTS_DIR; };
		38DB8B192BD77C590091008B /* AutomaUITests.swift */ = {isa = PBXFileReference; lastKnownFileType = sourcecode.swift; path = AutomaUITests.swift; sourceTree = "<group>"; };
		38DB8B1B2BD77C590091008B /* AutomaUITestsLaunchTests.swift */ = {isa = PBXFileReference; lastKnownFileType = sourcecode.swift; path = AutomaUITestsLaunchTests.swift; sourceTree = "<group>"; };
		38E2F88C2BE8E95600D4EE51 /* Black.ttf */ = {isa = PBXFileReference; lastKnownFileType = file; path = Black.ttf; sourceTree = "<group>"; };
		38E2F88D2BE8E95600D4EE51 /* Bold.ttf */ = {isa = PBXFileReference; lastKnownFileType = file; path = Bold.ttf; sourceTree = "<group>"; };
		38E2F88E2BE8E95600D4EE51 /* Medium.ttf */ = {isa = PBXFileReference; lastKnownFileType = file; path = Medium.ttf; sourceTree = "<group>"; };
		38E2F88F2BE8E95600D4EE51 /* ExtraLight.ttf */ = {isa = PBXFileReference; lastKnownFileType = file; path = ExtraLight.ttf; sourceTree = "<group>"; };
		38E2F8902BE8E95700D4EE51 /* ExtraBold.ttf */ = {isa = PBXFileReference; lastKnownFileType = file; path = ExtraBold.ttf; sourceTree = "<group>"; };
		38E2F8912BE8E95700D4EE51 /* Light.ttf */ = {isa = PBXFileReference; lastKnownFileType = file; path = Light.ttf; sourceTree = "<group>"; };
		38E2F8922BE8E95700D4EE51 /* Regular.ttf */ = {isa = PBXFileReference; lastKnownFileType = file; path = Regular.ttf; sourceTree = "<group>"; };
		38E2F8932BE8E95700D4EE51 /* SemiBold.ttf */ = {isa = PBXFileReference; lastKnownFileType = file; path = SemiBold.ttf; sourceTree = "<group>"; };
		38E2F8942BE8E95700D4EE51 /* Thin.ttf */ = {isa = PBXFileReference; lastKnownFileType = file; path = Thin.ttf; sourceTree = "<group>"; };
/* End PBXFileReference section */

/* Begin PBXFrameworksBuildPhase section */
		38DB8AF82BD77C550091008B /* Frameworks */ = {
			isa = PBXFrameworksBuildPhase;
			buildActionMask = 2147483647;
			files = (
				38E2F8A02BE9064100D4EE51 /* AlertToast in Frameworks */,
				389B17FF2BE576BE006D8BEB /* StripePaymentSheet in Frameworks */,
				389B17F02BE5652B006D8BEB /* Supabase in Frameworks */,
			);
			runOnlyForDeploymentPostprocessing = 0;
		};
		38DB8B082BD77C590091008B /* Frameworks */ = {
			isa = PBXFrameworksBuildPhase;
			buildActionMask = 2147483647;
			files = (
			);
			runOnlyForDeploymentPostprocessing = 0;
		};
		38DB8B122BD77C590091008B /* Frameworks */ = {
			isa = PBXFrameworksBuildPhase;
			buildActionMask = 2147483647;
			files = (
			);
			runOnlyForDeploymentPostprocessing = 0;
		};
/* End PBXFrameworksBuildPhase section */

/* Begin PBXGroup section */
		38070FF72BEA52DD00352E0D /* Providers */ = {
			isa = PBXGroup;
			children = (
				38070FF92BEA530C00352E0D /* PaymentSheetModel.swift */,
			);
			path = Providers;
			sourceTree = "<group>";
		};
		38070FFC2BEAB35F00352E0D /* PlanPaymentScreen */ = {
			isa = PBXGroup;
			children = (
				380710032BEAB9A300352E0D /* Toolbars */,
				380710002BEAB94700352E0D /* Cells */,
				38070FFD2BEAB68E00352E0D /* Alerts */,
				380710082BEABFA700352E0D /* PlanPaymentScreen.swift */,
			);
			path = PlanPaymentScreen;
			sourceTree = "<group>";
		};
		38070FFD2BEAB68E00352E0D /* Alerts */ = {
			isa = PBXGroup;
			children = (
				38070FFE2BEAB6AA00352E0D /* PaymentError.swift */,
			);
			path = Alerts;
			sourceTree = "<group>";
		};
		380710002BEAB94700352E0D /* Cells */ = {
			isa = PBXGroup;
			children = (
				380710012BEAB95300352E0D /* PaymentButton.swift */,
			);
			path = Cells;
			sourceTree = "<group>";
		};
		380710032BEAB9A300352E0D /* Toolbars */ = {
			isa = PBXGroup;
			children = (
				380710042BEAB9E000352E0D /* SignOutToolbar.swift */,
			);
			path = Toolbars;
			sourceTree = "<group>";
		};
		3818FC082BE94A7700543D08 /* Screens */ = {
			isa = PBXGroup;
			children = (
				38070FFC2BEAB35F00352E0D /* PlanPaymentScreen */,
				3818FC092BE94A8900543D08 /* AuthScreen */,
			);
			path = Screens;
			sourceTree = "<group>";
		};
		3818FC092BE94A8900543D08 /* AuthScreen */ = {
			isa = PBXGroup;
			children = (
				3818FC1A2BE94E9B00543D08 /* Alerts */,
				3818FC152BE94CD000543D08 /* Cells */,
				3818FC0E2BE94BCE00543D08 /* Drawers */,
				3818FC0B2BE94A9800543D08 /* Sheets */,
				3818FC0A2BE94A9300543D08 /* Toolbars */,
				3818FC0C2BE94ACA00543D08 /* AuthScreenModel.swift */,
				389B17F32BE565FD006D8BEB /* AuthScreen.swift */,
			);
			path = AuthScreen;
			sourceTree = "<group>";
		};
		3818FC0A2BE94A9300543D08 /* Toolbars */ = {
			isa = PBXGroup;
			children = (
				3818FC222BE957A100543D08 /* ExitAppToolBar.swift */,
				38070FF12BE961B300352E0D /* CloseEmailSentSheetToolBar.swift */,
			);
			path = Toolbars;
			sourceTree = "<group>";
		};
		3818FC0B2BE94A9800543D08 /* Sheets */ = {
			isa = PBXGroup;
			children = (
				3818FC1D2BE94F2F00543D08 /* EmailSentSheet.swift */,
			);
			path = Sheets;
			sourceTree = "<group>";
		};
		3818FC0E2BE94BCE00543D08 /* Drawers */ = {
			isa = PBXGroup;
			children = (
			);
			path = Drawers;
			sourceTree = "<group>";
		};
		3818FC0F2BE94BDE00543D08 /* Extensions */ = {
			isa = PBXGroup;
			children = (
				38201E032BF1ECDC003AE77C /* Color.swift */,
				38201E012BF1EAD7003AE77C /* AvatarImageExtension.swift */,
			);
			path = Extensions;
			sourceTree = "<group>";
		};
		3818FC112BE94BED00543D08 /* Models */ = {
			isa = PBXGroup;
			children = (
				38070FF72BEA52DD00352E0D /* Providers */,
				3818FC1F2BE952B500543D08 /* Networking */,
				3818FC192BE94D1D00543D08 /* Protocols */,
				3818FC142BE94C5300543D08 /* Utility */,
				3818FC132BE94C3E00543D08 /* Enums */,
				3818FC0F2BE94BDE00543D08 /* Extensions */,
				3818FC122BE94C1600543D08 /* Entities */,
			);
			path = Models;
			sourceTree = "<group>";
		};
		3818FC122BE94C1600543D08 /* Entities */ = {
			isa = PBXGroup;
			children = (
				38201DF92BF1E9EB003AE77C /* PlanItem.swift */,
				38201DFB2BF1EA14003AE77C /* Profile.swift */,
				38201DFD2BF1EA99003AE77C /* AvatarImage.swift */,
			);
			path = Entities;
			sourceTree = "<group>";
		};
		3818FC132BE94C3E00543D08 /* Enums */ = {
			isa = PBXGroup;
			children = (
				38201DFF2BF1EAB8003AE77C /* TransferError.swift */,
			);
			path = Enums;
			sourceTree = "<group>";
		};
		3818FC142BE94C5300543D08 /* Utility */ = {
			isa = PBXGroup;
			children = (
			);
			path = Utility;
			sourceTree = "<group>";
		};
		3818FC152BE94CD000543D08 /* Cells */ = {
			isa = PBXGroup;
			children = (
			);
			path = Cells;
			sourceTree = "<group>";
		};
		3818FC162BE94CE300543D08 /* Core */ = {
			isa = PBXGroup;
			children = (
				389B17FA2BE567AA006D8BEB /* AppView.swift */,
			);
			path = Core;
			sourceTree = "<group>";
		};
		3818FC172BE94CE900543D08 /* Components */ = {
			isa = PBXGroup;
			children = (
				380710062BEABA9200352E0D /* GenericTitle.swift */,
			);
			path = Components;
			sourceTree = "<group>";
		};
		3818FC182BE94D0600543D08 /* Constants */ = {
			isa = PBXGroup;
			children = (
				38209EAF2BF204F200A8B4AE /* Urls.swift */,
			);
			path = Constants;
			sourceTree = "<group>";
		};
		3818FC192BE94D1D00543D08 /* Protocols */ = {
			isa = PBXGroup;
			children = (
			);
			path = Protocols;
			sourceTree = "<group>";
		};
		3818FC1A2BE94E9B00543D08 /* Alerts */ = {
			isa = PBXGroup;
			children = (
				3818FC1B2BE94EA800543D08 /* EmailResentAlert.swift */,
				38070FF32BE9631300352E0D /* AuthErrorAlertIOS.swift */,
			);
			path = Alerts;
			sourceTree = "<group>";
		};
		3818FC1F2BE952B500543D08 /* Networking */ = {
			isa = PBXGroup;
			children = (
				3818FC202BE952C500543D08 /* Authentication.swift */,
				38209EAD2BF203F400A8B4AE /* AutoConfigure.swift */,
			);
			path = Networking;
			sourceTree = "<group>";
		};
		38DB8AF22BD77C550091008B = {
			isa = PBXGroup;
			children = (
				38DB8AFD2BD77C550091008B /* Automa */,
				38DB8B0E2BD77C590091008B /* AutomaTests */,
				38DB8B182BD77C590091008B /* AutomaUITests */,
				38DB8AFC2BD77C550091008B /* Products */,
			);
			sourceTree = "<group>";
		};
		38DB8AFC2BD77C550091008B /* Products */ = {
			isa = PBXGroup;
			children = (
				38DB8AFB2BD77C550091008B /* Automa.app */,
				38DB8B0B2BD77C590091008B /* AutomaTests.xctest */,
				38DB8B152BD77C590091008B /* AutomaUITests.xctest */,
			);
			name = Products;
			sourceTree = "<group>";
		};
		38DB8AFD2BD77C550091008B /* Automa */ = {
			isa = PBXGroup;
			children = (
				389B17F52BE5668D006D8BEB /* Info.plist */,
				38DB8AFE2BD77C550091008B /* AutomaApp.swift */,
				389B17F12BE56547006D8BEB /* Supabase.swift */,
				3818FC182BE94D0600543D08 /* Constants */,
				3818FC172BE94CE900543D08 /* Components */,
				3818FC082BE94A7700543D08 /* Screens */,
				3818FC112BE94BED00543D08 /* Models */,
				3818FC162BE94CE300543D08 /* Core */,
				389B17F62BE56747006D8BEB /* ProfileView.swift */,
				38E2F88B2BE8E92D00D4EE51 /* Font */,
				38DB8B022BD77C580091008B /* Assets.xcassets */,
				38DB8B042BD77C580091008B /* Preview Content */,
			);
			path = Automa;
			sourceTree = "<group>";
		};
		38DB8B042BD77C580091008B /* Preview Content */ = {
			isa = PBXGroup;
			children = (
				38DB8B052BD77C580091008B /* Preview Assets.xcassets */,
			);
			path = "Preview Content";
			sourceTree = "<group>";
		};
		38DB8B0E2BD77C590091008B /* AutomaTests */ = {
			isa = PBXGroup;
			children = (
				38DB8B0F2BD77C590091008B /* AutomaTests.swift */,
			);
			path = AutomaTests;
			sourceTree = "<group>";
		};
		38DB8B182BD77C590091008B /* AutomaUITests */ = {
			isa = PBXGroup;
			children = (
				38DB8B192BD77C590091008B /* AutomaUITests.swift */,
				38DB8B1B2BD77C590091008B /* AutomaUITestsLaunchTests.swift */,
			);
			path = AutomaUITests;
			sourceTree = "<group>";
		};
		38E2F88B2BE8E92D00D4EE51 /* Font */ = {
			isa = PBXGroup;
			children = (
				38E2F88C2BE8E95600D4EE51 /* Black.ttf */,
				38E2F88D2BE8E95600D4EE51 /* Bold.ttf */,
				38E2F8902BE8E95700D4EE51 /* ExtraBold.ttf */,
				38E2F88F2BE8E95600D4EE51 /* ExtraLight.ttf */,
				38E2F8912BE8E95700D4EE51 /* Light.ttf */,
				38E2F88E2BE8E95600D4EE51 /* Medium.ttf */,
				38E2F8922BE8E95700D4EE51 /* Regular.ttf */,
				38E2F8932BE8E95700D4EE51 /* SemiBold.ttf */,
				38E2F8942BE8E95700D4EE51 /* Thin.ttf */,
			);
			path = Font;
			sourceTree = "<group>";
		};
/* End PBXGroup section */

/* Begin PBXNativeTarget section */
		38DB8AFA2BD77C550091008B /* Automa */ = {
			isa = PBXNativeTarget;
			buildConfigurationList = 38DB8B1F2BD77C590091008B /* Build configuration list for PBXNativeTarget "Automa" */;
			buildPhases = (
				38DB8AF72BD77C550091008B /* Sources */,
				38DB8AF82BD77C550091008B /* Frameworks */,
				38DB8AF92BD77C550091008B /* Resources */,
			);
			buildRules = (
			);
			dependencies = (
			);
			name = Automa;
			packageProductDependencies = (
				389B17EF2BE5652B006D8BEB /* Supabase */,
				389B17FE2BE576BE006D8BEB /* StripePaymentSheet */,
				38E2F89F2BE9064100D4EE51 /* AlertToast */,
			);
			productName = Automa;
			productReference = 38DB8AFB2BD77C550091008B /* Automa.app */;
			productType = "com.apple.product-type.application";
		};
		38DB8B0A2BD77C590091008B /* AutomaTests */ = {
			isa = PBXNativeTarget;
			buildConfigurationList = 38DB8B222BD77C590091008B /* Build configuration list for PBXNativeTarget "AutomaTests" */;
			buildPhases = (
				38DB8B072BD77C590091008B /* Sources */,
				38DB8B082BD77C590091008B /* Frameworks */,
				38DB8B092BD77C590091008B /* Resources */,
			);
			buildRules = (
			);
			dependencies = (
				38DB8B0D2BD77C590091008B /* PBXTargetDependency */,
			);
			name = AutomaTests;
			productName = AutomaTests;
			productReference = 38DB8B0B2BD77C590091008B /* AutomaTests.xctest */;
			productType = "com.apple.product-type.bundle.unit-test";
		};
		38DB8B142BD77C590091008B /* AutomaUITests */ = {
			isa = PBXNativeTarget;
			buildConfigurationList = 38DB8B252BD77C590091008B /* Build configuration list for PBXNativeTarget "AutomaUITests" */;
			buildPhases = (
				38DB8B112BD77C590091008B /* Sources */,
				38DB8B122BD77C590091008B /* Frameworks */,
				38DB8B132BD77C590091008B /* Resources */,
			);
			buildRules = (
			);
			dependencies = (
				38DB8B172BD77C590091008B /* PBXTargetDependency */,
			);
			name = AutomaUITests;
			productName = AutomaUITests;
			productReference = 38DB8B152BD77C590091008B /* AutomaUITests.xctest */;
			productType = "com.apple.product-type.bundle.ui-testing";
		};
/* End PBXNativeTarget section */

/* Begin PBXProject section */
		38DB8AF32BD77C550091008B /* Project object */ = {
			isa = PBXProject;
			attributes = {
				BuildIndependentTargetsInParallel = 1;
				LastSwiftUpdateCheck = 1530;
				LastUpgradeCheck = 1530;
				TargetAttributes = {
					38DB8AFA2BD77C550091008B = {
						CreatedOnToolsVersion = 15.3;
					};
					38DB8B0A2BD77C590091008B = {
						CreatedOnToolsVersion = 15.3;
						TestTargetID = 38DB8AFA2BD77C550091008B;
					};
					38DB8B142BD77C590091008B = {
						CreatedOnToolsVersion = 15.3;
						TestTargetID = 38DB8AFA2BD77C550091008B;
					};
				};
			};
			buildConfigurationList = 38DB8AF62BD77C550091008B /* Build configuration list for PBXProject "Automa" */;
			compatibilityVersion = "Xcode 14.0";
			developmentRegion = en;
			hasScannedForEncodings = 0;
			knownRegions = (
				en,
				Base,
			);
			mainGroup = 38DB8AF22BD77C550091008B;
			packageReferences = (
				38E2B5C52BD93F2A009327D4 /* XCRemoteSwiftPackageReference "stripe-ios-spm" */,
				389B17EE2BE5652B006D8BEB /* XCRemoteSwiftPackageReference "supabase-swift" */,
				38E2F89E2BE9064100D4EE51 /* XCRemoteSwiftPackageReference "AlertToast" */,
			);
			productRefGroup = 38DB8AFC2BD77C550091008B /* Products */;
			projectDirPath = "";
			projectRoot = "";
			targets = (
				38DB8AFA2BD77C550091008B /* Automa */,
				38DB8B0A2BD77C590091008B /* AutomaTests */,
				38DB8B142BD77C590091008B /* AutomaUITests */,
			);
		};
/* End PBXProject section */

/* Begin PBXResourcesBuildPhase section */
		38DB8AF92BD77C550091008B /* Resources */ = {
			isa = PBXResourcesBuildPhase;
			buildActionMask = 2147483647;
			files = (
				38DB8B062BD77C580091008B /* Preview Assets.xcassets in Resources */,
				38E2F89B2BE8E95700D4EE51 /* Regular.ttf in Resources */,
				38E2F8982BE8E95700D4EE51 /* ExtraLight.ttf in Resources */,
				38E2F89A2BE8E95700D4EE51 /* Light.ttf in Resources */,
				38E2F8952BE8E95700D4EE51 /* Black.ttf in Resources */,
				38E2F89D2BE8E95700D4EE51 /* Thin.ttf in Resources */,
				38E2F8992BE8E95700D4EE51 /* ExtraBold.ttf in Resources */,
				38E2F8962BE8E95700D4EE51 /* Bold.ttf in Resources */,
				38E2F8972BE8E95700D4EE51 /* Medium.ttf in Resources */,
				38E2F89C2BE8E95700D4EE51 /* SemiBold.ttf in Resources */,
				38DB8B032BD77C580091008B /* Assets.xcassets in Resources */,
			);
			runOnlyForDeploymentPostprocessing = 0;
		};
		38DB8B092BD77C590091008B /* Resources */ = {
			isa = PBXResourcesBuildPhase;
			buildActionMask = 2147483647;
			files = (
			);
			runOnlyForDeploymentPostprocessing = 0;
		};
		38DB8B132BD77C590091008B /* Resources */ = {
			isa = PBXResourcesBuildPhase;
			buildActionMask = 2147483647;
			files = (
			);
			runOnlyForDeploymentPostprocessing = 0;
		};
/* End PBXResourcesBuildPhase section */

/* Begin PBXSourcesBuildPhase section */
		38DB8AF72BD77C550091008B /* Sources */ = {
			isa = PBXSourcesBuildPhase;
			buildActionMask = 2147483647;
			files = (
				3818FC1C2BE94EA800543D08 /* EmailResentAlert.swift in Sources */,
				38201DFC2BF1EA14003AE77C /* Profile.swift in Sources */,
				38070FF42BE9631300352E0D /* AuthErrorAlertIOS.swift in Sources */,
				3818FC0D2BE94ACA00543D08 /* AuthScreenModel.swift in Sources */,
				380710072BEABA9200352E0D /* GenericTitle.swift in Sources */,
				380710022BEAB95300352E0D /* PaymentButton.swift in Sources */,
				389B17F22BE56547006D8BEB /* Supabase.swift in Sources */,
				3818FC212BE952C500543D08 /* Authentication.swift in Sources */,
				38201E022BF1EAD7003AE77C /* AvatarImageExtension.swift in Sources */,
				380710092BEABFA700352E0D /* PlanPaymentScreen.swift in Sources */,
				389B17F72BE56747006D8BEB /* ProfileView.swift in Sources */,
				38070FFA2BEA530C00352E0D /* PaymentSheetModel.swift in Sources */,
				38201E002BF1EAB8003AE77C /* TransferError.swift in Sources */,
				389B17FB2BE567AA006D8BEB /* AppView.swift in Sources */,
				389B17F42BE565FD006D8BEB /* AuthScreen.swift in Sources */,
				38201DFA2BF1E9EB003AE77C /* PlanItem.swift in Sources */,
				380710052BEAB9E000352E0D /* SignOutToolbar.swift in Sources */,
				38201E042BF1ECDC003AE77C /* Color.swift in Sources */,
				3818FC232BE957A100543D08 /* ExitAppToolBar.swift in Sources */,
				38209EAE2BF203F400A8B4AE /* AutoConfigure.swift in Sources */,
				38070FFF2BEAB6AA00352E0D /* PaymentError.swift in Sources */,
				38DB8AFF2BD77C550091008B /* AutomaApp.swift in Sources */,
				3818FC1E2BE94F2F00543D08 /* EmailSentSheet.swift in Sources */,
				38209EB02BF204F200A8B4AE /* Urls.swift in Sources */,
				38201DFE2BF1EA99003AE77C /* AvatarImage.swift in Sources */,
				38070FF22BE961B300352E0D /* CloseEmailSentSheetToolBar.swift in Sources */,
			);
			runOnlyForDeploymentPostprocessing = 0;
		};
		38DB8B072BD77C590091008B /* Sources */ = {
			isa = PBXSourcesBuildPhase;
			buildActionMask = 2147483647;
			files = (
				38DB8B102BD77C590091008B /* AutomaTests.swift in Sources */,
			);
			runOnlyForDeploymentPostprocessing = 0;
		};
		38DB8B112BD77C590091008B /* Sources */ = {
			isa = PBXSourcesBuildPhase;
			buildActionMask = 2147483647;
			files = (
				38DB8B1A2BD77C590091008B /* AutomaUITests.swift in Sources */,
				38DB8B1C2BD77C590091008B /* AutomaUITestsLaunchTests.swift in Sources */,
			);
			runOnlyForDeploymentPostprocessing = 0;
		};
/* End PBXSourcesBuildPhase section */

/* Begin PBXTargetDependency section */
		38DB8B0D2BD77C590091008B /* PBXTargetDependency */ = {
			isa = PBXTargetDependency;
			target = 38DB8AFA2BD77C550091008B /* Automa */;
			targetProxy = 38DB8B0C2BD77C590091008B /* PBXContainerItemProxy */;
		};
		38DB8B172BD77C590091008B /* PBXTargetDependency */ = {
			isa = PBXTargetDependency;
			target = 38DB8AFA2BD77C550091008B /* Automa */;
			targetProxy = 38DB8B162BD77C590091008B /* PBXContainerItemProxy */;
		};
/* End PBXTargetDependency section */

/* Begin XCBuildConfiguration section */
		38DB8B1D2BD77C590091008B /* Debug */ = {
			isa = XCBuildConfiguration;
			buildSettings = {
				ALWAYS_SEARCH_USER_PATHS = NO;
				ASSETCATALOG_COMPILER_GENERATE_SWIFT_ASSET_SYMBOL_EXTENSIONS = YES;
				CLANG_ANALYZER_NONNULL = YES;
				CLANG_ANALYZER_NUMBER_OBJECT_CONVERSION = YES_AGGRESSIVE;
				CLANG_CXX_LANGUAGE_STANDARD = "gnu++20";
				CLANG_ENABLE_MODULES = YES;
				CLANG_ENABLE_OBJC_ARC = YES;
				CLANG_ENABLE_OBJC_WEAK = YES;
				CLANG_WARN_BLOCK_CAPTURE_AUTORELEASING = YES;
				CLANG_WARN_BOOL_CONVERSION = YES;
				CLANG_WARN_COMMA = YES;
				CLANG_WARN_CONSTANT_CONVERSION = YES;
				CLANG_WARN_DEPRECATED_OBJC_IMPLEMENTATIONS = YES;
				CLANG_WARN_DIRECT_OBJC_ISA_USAGE = YES_ERROR;
				CLANG_WARN_DOCUMENTATION_COMMENTS = YES;
				CLANG_WARN_EMPTY_BODY = YES;
				CLANG_WARN_ENUM_CONVERSION = YES;
				CLANG_WARN_INFINITE_RECURSION = YES;
				CLANG_WARN_INT_CONVERSION = YES;
				CLANG_WARN_NON_LITERAL_NULL_CONVERSION = YES;
				CLANG_WARN_OBJC_IMPLICIT_RETAIN_SELF = YES;
				CLANG_WARN_OBJC_LITERAL_CONVERSION = YES;
				CLANG_WARN_OBJC_ROOT_CLASS = YES_ERROR;
				CLANG_WARN_QUOTED_INCLUDE_IN_FRAMEWORK_HEADER = YES;
				CLANG_WARN_RANGE_LOOP_ANALYSIS = YES;
				CLANG_WARN_STRICT_PROTOTYPES = YES;
				CLANG_WARN_SUSPICIOUS_MOVE = YES;
				CLANG_WARN_UNGUARDED_AVAILABILITY = YES_AGGRESSIVE;
				CLANG_WARN_UNREACHABLE_CODE = YES;
				CLANG_WARN__DUPLICATE_METHOD_MATCH = YES;
				COPY_PHASE_STRIP = NO;
				DEBUG_INFORMATION_FORMAT = dwarf;
				ENABLE_STRICT_OBJC_MSGSEND = YES;
				ENABLE_TESTABILITY = YES;
				ENABLE_USER_SCRIPT_SANDBOXING = YES;
				GCC_C_LANGUAGE_STANDARD = gnu17;
				GCC_DYNAMIC_NO_PIC = NO;
				GCC_NO_COMMON_BLOCKS = YES;
				GCC_OPTIMIZATION_LEVEL = 0;
				GCC_PREPROCESSOR_DEFINITIONS = (
					"DEBUG=1",
					"$(inherited)",
				);
				GCC_WARN_64_TO_32_BIT_CONVERSION = YES;
				GCC_WARN_ABOUT_RETURN_TYPE = YES_ERROR;
				GCC_WARN_UNDECLARED_SELECTOR = YES;
				GCC_WARN_UNINITIALIZED_AUTOS = YES_AGGRESSIVE;
				GCC_WARN_UNUSED_FUNCTION = YES;
				GCC_WARN_UNUSED_VARIABLE = YES;
				IPHONEOS_DEPLOYMENT_TARGET = 17.4;
				LOCALIZATION_PREFERS_STRING_CATALOGS = YES;
				MTL_ENABLE_DEBUG_INFO = INCLUDE_SOURCE;
				MTL_FAST_MATH = YES;
				ONLY_ACTIVE_ARCH = YES;
				SDKROOT = iphoneos;
				SWIFT_ACTIVE_COMPILATION_CONDITIONS = "DEBUG $(inherited)";
				SWIFT_OPTIMIZATION_LEVEL = "-Onone";
			};
			name = Debug;
		};
		38DB8B1E2BD77C590091008B /* Release */ = {
			isa = XCBuildConfiguration;
			buildSettings = {
				ALWAYS_SEARCH_USER_PATHS = NO;
				ASSETCATALOG_COMPILER_GENERATE_SWIFT_ASSET_SYMBOL_EXTENSIONS = YES;
				CLANG_ANALYZER_NONNULL = YES;
				CLANG_ANALYZER_NUMBER_OBJECT_CONVERSION = YES_AGGRESSIVE;
				CLANG_CXX_LANGUAGE_STANDARD = "gnu++20";
				CLANG_ENABLE_MODULES = YES;
				CLANG_ENABLE_OBJC_ARC = YES;
				CLANG_ENABLE_OBJC_WEAK = YES;
				CLANG_WARN_BLOCK_CAPTURE_AUTORELEASING = YES;
				CLANG_WARN_BOOL_CONVERSION = YES;
				CLANG_WARN_COMMA = YES;
				CLANG_WARN_CONSTANT_CONVERSION = YES;
				CLANG_WARN_DEPRECATED_OBJC_IMPLEMENTATIONS = YES;
				CLANG_WARN_DIRECT_OBJC_ISA_USAGE = YES_ERROR;
				CLANG_WARN_DOCUMENTATION_COMMENTS = YES;
				CLANG_WARN_EMPTY_BODY = YES;
				CLANG_WARN_ENUM_CONVERSION = YES;
				CLANG_WARN_INFINITE_RECURSION = YES;
				CLANG_WARN_INT_CONVERSION = YES;
				CLANG_WARN_NON_LITERAL_NULL_CONVERSION = YES;
				CLANG_WARN_OBJC_IMPLICIT_RETAIN_SELF = YES;
				CLANG_WARN_OBJC_LITERAL_CONVERSION = YES;
				CLANG_WARN_OBJC_ROOT_CLASS = YES_ERROR;
				CLANG_WARN_QUOTED_INCLUDE_IN_FRAMEWORK_HEADER = YES;
				CLANG_WARN_RANGE_LOOP_ANALYSIS = YES;
				CLANG_WARN_STRICT_PROTOTYPES = YES;
				CLANG_WARN_SUSPICIOUS_MOVE = YES;
				CLANG_WARN_UNGUARDED_AVAILABILITY = YES_AGGRESSIVE;
				CLANG_WARN_UNREACHABLE_CODE = YES;
				CLANG_WARN__DUPLICATE_METHOD_MATCH = YES;
				COPY_PHASE_STRIP = NO;
				DEBUG_INFORMATION_FORMAT = "dwarf-with-dsym";
				ENABLE_NS_ASSERTIONS = NO;
				ENABLE_STRICT_OBJC_MSGSEND = YES;
				ENABLE_USER_SCRIPT_SANDBOXING = YES;
				GCC_C_LANGUAGE_STANDARD = gnu17;
				GCC_NO_COMMON_BLOCKS = YES;
				GCC_WARN_64_TO_32_BIT_CONVERSION = YES;
				GCC_WARN_ABOUT_RETURN_TYPE = YES_ERROR;
				GCC_WARN_UNDECLARED_SELECTOR = YES;
				GCC_WARN_UNINITIALIZED_AUTOS = YES_AGGRESSIVE;
				GCC_WARN_UNUSED_FUNCTION = YES;
				GCC_WARN_UNUSED_VARIABLE = YES;
				IPHONEOS_DEPLOYMENT_TARGET = 17.4;
				LOCALIZATION_PREFERS_STRING_CATALOGS = YES;
				MTL_ENABLE_DEBUG_INFO = NO;
				MTL_FAST_MATH = YES;
				SDKROOT = iphoneos;
				SWIFT_COMPILATION_MODE = wholemodule;
				VALIDATE_PRODUCT = YES;
			};
			name = Release;
		};
		38DB8B202BD77C590091008B /* Debug */ = {
			isa = XCBuildConfiguration;
			buildSettings = {
				ASSETCATALOG_COMPILER_APPICON_NAME = AppIcon;
				ASSETCATALOG_COMPILER_GLOBAL_ACCENT_COLOR_NAME = AccentColor;
				CODE_SIGN_STYLE = Automatic;
				CURRENT_PROJECT_VERSION = 1;
				DEVELOPMENT_ASSET_PATHS = "\"Automa/Preview Content\"";
				DEVELOPMENT_TEAM = 6D6QTRW962;
				ENABLE_PREVIEWS = YES;
				GENERATE_INFOPLIST_FILE = YES;
				INFOPLIST_FILE = Automa/Info.plist;
				INFOPLIST_KEY_UIApplicationSceneManifest_Generation = YES;
				INFOPLIST_KEY_UIApplicationSupportsIndirectInputEvents = YES;
				INFOPLIST_KEY_UILaunchScreen_Generation = YES;
				INFOPLIST_KEY_UISupportedInterfaceOrientations_iPad = "UIInterfaceOrientationPortrait UIInterfaceOrientationPortraitUpsideDown UIInterfaceOrientationLandscapeLeft UIInterfaceOrientationLandscapeRight";
				INFOPLIST_KEY_UISupportedInterfaceOrientations_iPhone = "UIInterfaceOrientationPortrait UIInterfaceOrientationLandscapeLeft UIInterfaceOrientationLandscapeRight";
				LD_RUNPATH_SEARCH_PATHS = (
					"$(inherited)",
					"@executable_path/Frameworks",
				);
				MARKETING_VERSION = 1.0;
				PRODUCT_BUNDLE_IDENTIFIER = com.simonferns.Automa;
				PRODUCT_NAME = "$(TARGET_NAME)";
				SWIFT_EMIT_LOC_STRINGS = YES;
				SWIFT_VERSION = 5.0;
				TARGETED_DEVICE_FAMILY = "1,2";
			};
			name = Debug;
		};
		38DB8B212BD77C590091008B /* Release */ = {
			isa = XCBuildConfiguration;
			buildSettings = {
				ASSETCATALOG_COMPILER_APPICON_NAME = AppIcon;
				ASSETCATALOG_COMPILER_GLOBAL_ACCENT_COLOR_NAME = AccentColor;
				CODE_SIGN_STYLE = Automatic;
				CURRENT_PROJECT_VERSION = 1;
				DEVELOPMENT_ASSET_PATHS = "\"Automa/Preview Content\"";
				DEVELOPMENT_TEAM = 6D6QTRW962;
				ENABLE_PREVIEWS = YES;
				GENERATE_INFOPLIST_FILE = YES;
				INFOPLIST_FILE = Automa/Info.plist;
				INFOPLIST_KEY_UIApplicationSceneManifest_Generation = YES;
				INFOPLIST_KEY_UIApplicationSupportsIndirectInputEvents = YES;
				INFOPLIST_KEY_UILaunchScreen_Generation = YES;
				INFOPLIST_KEY_UISupportedInterfaceOrientations_iPad = "UIInterfaceOrientationPortrait UIInterfaceOrientationPortraitUpsideDown UIInterfaceOrientationLandscapeLeft UIInterfaceOrientationLandscapeRight";
				INFOPLIST_KEY_UISupportedInterfaceOrientations_iPhone = "UIInterfaceOrientationPortrait UIInterfaceOrientationLandscapeLeft UIInterfaceOrientationLandscapeRight";
				LD_RUNPATH_SEARCH_PATHS = (
					"$(inherited)",
					"@executable_path/Frameworks",
				);
				MARKETING_VERSION = 1.0;
				PRODUCT_BUNDLE_IDENTIFIER = com.simonferns.Automa;
				PRODUCT_NAME = "$(TARGET_NAME)";
				SWIFT_EMIT_LOC_STRINGS = YES;
				SWIFT_VERSION = 5.0;
				TARGETED_DEVICE_FAMILY = "1,2";
			};
			name = Release;
		};
		38DB8B232BD77C590091008B /* Debug */ = {
			isa = XCBuildConfiguration;
			buildSettings = {
				ALWAYS_EMBED_SWIFT_STANDARD_LIBRARIES = YES;
				BUNDLE_LOADER = "$(TEST_HOST)";
				CODE_SIGN_STYLE = Automatic;
				CURRENT_PROJECT_VERSION = 1;
				DEVELOPMENT_TEAM = 6D6QTRW962;
				GENERATE_INFOPLIST_FILE = YES;
				IPHONEOS_DEPLOYMENT_TARGET = 17.4;
				MARKETING_VERSION = 1.0;
				PRODUCT_BUNDLE_IDENTIFIER = com.simonferns.AutomaTests;
				PRODUCT_NAME = "$(TARGET_NAME)";
				SWIFT_EMIT_LOC_STRINGS = NO;
				SWIFT_VERSION = 5.0;
				TARGETED_DEVICE_FAMILY = "1,2";
				TEST_HOST = "$(BUILT_PRODUCTS_DIR)/Automa.app/$(BUNDLE_EXECUTABLE_FOLDER_PATH)/Automa";
			};
			name = Debug;
		};
		38DB8B242BD77C590091008B /* Release */ = {
			isa = XCBuildConfiguration;
			buildSettings = {
				ALWAYS_EMBED_SWIFT_STANDARD_LIBRARIES = YES;
				BUNDLE_LOADER = "$(TEST_HOST)";
				CODE_SIGN_STYLE = Automatic;
				CURRENT_PROJECT_VERSION = 1;
				DEVELOPMENT_TEAM = 6D6QTRW962;
				GENERATE_INFOPLIST_FILE = YES;
				IPHONEOS_DEPLOYMENT_TARGET = 17.4;
				MARKETING_VERSION = 1.0;
				PRODUCT_BUNDLE_IDENTIFIER = com.simonferns.AutomaTests;
				PRODUCT_NAME = "$(TARGET_NAME)";
				SWIFT_EMIT_LOC_STRINGS = NO;
				SWIFT_VERSION = 5.0;
				TARGETED_DEVICE_FAMILY = "1,2";
				TEST_HOST = "$(BUILT_PRODUCTS_DIR)/Automa.app/$(BUNDLE_EXECUTABLE_FOLDER_PATH)/Automa";
			};
			name = Release;
		};
		38DB8B262BD77C590091008B /* Debug */ = {
			isa = XCBuildConfiguration;
			buildSettings = {
				ALWAYS_EMBED_SWIFT_STANDARD_LIBRARIES = YES;
				CODE_SIGN_STYLE = Automatic;
				CURRENT_PROJECT_VERSION = 1;
				DEVELOPMENT_TEAM = 6D6QTRW962;
				GENERATE_INFOPLIST_FILE = YES;
				MARKETING_VERSION = 1.0;
				PRODUCT_BUNDLE_IDENTIFIER = com.simonferns.AutomaUITests;
				PRODUCT_NAME = "$(TARGET_NAME)";
				SWIFT_EMIT_LOC_STRINGS = NO;
				SWIFT_VERSION = 5.0;
				TARGETED_DEVICE_FAMILY = "1,2";
				TEST_TARGET_NAME = Automa;
			};
			name = Debug;
		};
		38DB8B272BD77C590091008B /* Release */ = {
			isa = XCBuildConfiguration;
			buildSettings = {
				ALWAYS_EMBED_SWIFT_STANDARD_LIBRARIES = YES;
				CODE_SIGN_STYLE = Automatic;
				CURRENT_PROJECT_VERSION = 1;
				DEVELOPMENT_TEAM = 6D6QTRW962;
				GENERATE_INFOPLIST_FILE = YES;
				MARKETING_VERSION = 1.0;
				PRODUCT_BUNDLE_IDENTIFIER = com.simonferns.AutomaUITests;
				PRODUCT_NAME = "$(TARGET_NAME)";
				SWIFT_EMIT_LOC_STRINGS = NO;
				SWIFT_VERSION = 5.0;
				TARGETED_DEVICE_FAMILY = "1,2";
				TEST_TARGET_NAME = Automa;
			};
			name = Release;
		};
/* End XCBuildConfiguration section */

/* Begin XCConfigurationList section */
		38DB8AF62BD77C550091008B /* Build configuration list for PBXProject "Automa" */ = {
			isa = XCConfigurationList;
			buildConfigurations = (
				38DB8B1D2BD77C590091008B /* Debug */,
				38DB8B1E2BD77C590091008B /* Release */,
			);
			defaultConfigurationIsVisible = 0;
			defaultConfigurationName = Release;
		};
		38DB8B1F2BD77C590091008B /* Build configuration list for PBXNativeTarget "Automa" */ = {
			isa = XCConfigurationList;
			buildConfigurations = (
				38DB8B202BD77C590091008B /* Debug */,
				38DB8B212BD77C590091008B /* Release */,
			);
			defaultConfigurationIsVisible = 0;
			defaultConfigurationName = Release;
		};
		38DB8B222BD77C590091008B /* Build configuration list for PBXNativeTarget "AutomaTests" */ = {
			isa = XCConfigurationList;
			buildConfigurations = (
				38DB8B232BD77C590091008B /* Debug */,
				38DB8B242BD77C590091008B /* Release */,
			);
			defaultConfigurationIsVisible = 0;
			defaultConfigurationName = Release;
		};
		38DB8B252BD77C590091008B /* Build configuration list for PBXNativeTarget "AutomaUITests" */ = {
			isa = XCConfigurationList;
			buildConfigurations = (
				38DB8B262BD77C590091008B /* Debug */,
				38DB8B272BD77C590091008B /* Release */,
			);
			defaultConfigurationIsVisible = 0;
			defaultConfigurationName = Release;
		};
/* End XCConfigurationList section */

/* Begin XCRemoteSwiftPackageReference section */
		389B17EE2BE5652B006D8BEB /* XCRemoteSwiftPackageReference "supabase-swift" */ = {
			isa = XCRemoteSwiftPackageReference;
			repositoryURL = "https://github.com/supabase-community/supabase-swift";
			requirement = {
				kind = upToNextMajorVersion;
				minimumVersion = 2.5.1;
			};
		};
		38E2B5C52BD93F2A009327D4 /* XCRemoteSwiftPackageReference "stripe-ios-spm" */ = {
			isa = XCRemoteSwiftPackageReference;
			repositoryURL = "https://github.com/stripe/stripe-ios-spm";
			requirement = {
				kind = upToNextMajorVersion;
				minimumVersion = 23.27.1;
			};
		};
		38E2F89E2BE9064100D4EE51 /* XCRemoteSwiftPackageReference "AlertToast" */ = {
			isa = XCRemoteSwiftPackageReference;
			repositoryURL = "https://github.com/elai950/AlertToast";
			requirement = {
				kind = upToNextMajorVersion;
				minimumVersion = 1.3.9;
			};
		};
/* End XCRemoteSwiftPackageReference section */

/* Begin XCSwiftPackageProductDependency section */
		389B17EF2BE5652B006D8BEB /* Supabase */ = {
			isa = XCSwiftPackageProductDependency;
			package = 389B17EE2BE5652B006D8BEB /* XCRemoteSwiftPackageReference "supabase-swift" */;
			productName = Supabase;
		};
		389B17FE2BE576BE006D8BEB /* StripePaymentSheet */ = {
			isa = XCSwiftPackageProductDependency;
			package = 38E2B5C52BD93F2A009327D4 /* XCRemoteSwiftPackageReference "stripe-ios-spm" */;
			productName = StripePaymentSheet;
		};
		38E2F89F2BE9064100D4EE51 /* AlertToast */ = {
			isa = XCSwiftPackageProductDependency;
			package = 38E2F89E2BE9064100D4EE51 /* XCRemoteSwiftPackageReference "AlertToast" */;
			productName = AlertToast;
		};
/* End XCSwiftPackageProductDependency section */
	};
	rootObject = 38DB8AF32BD77C550091008B /* Project object */;
}
